// !$*UTF8*$!
{
	archiveVersion = 1;
	classes = {
	};
	objectVersion = 48;
	objects = {

/* Begin PBXBuildFile section */
		883821921F7D8EBF0054BDC9 /* LoadingOverlay.m in Sources */ = {isa = PBXBuildFile; fileRef = 883821911F7D8EBF0054BDC9 /* LoadingOverlay.m */; };
		883821951F7DA1B30054BDC9 /* ArticleDetailViewController.m in Sources */ = {isa = PBXBuildFile; fileRef = 883821941F7DA1B30054BDC9 /* ArticleDetailViewController.m */; };
		88574DDC1F7CC83800CF4003 /* AppDelegate.m in Sources */ = {isa = PBXBuildFile; fileRef = 88574DDB1F7CC83800CF4003 /* AppDelegate.m */; };
		88574DE41F7CC83800CF4003 /* Assets.xcassets in Resources */ = {isa = PBXBuildFile; fileRef = 88574DE31F7CC83800CF4003 /* Assets.xcassets */; };
		88574DEA1F7CC83800CF4003 /* main.m in Sources */ = {isa = PBXBuildFile; fileRef = 88574DE91F7CC83800CF4003 /* main.m */; };
		88574DF21F7CCD0700CF4003 /* HomeViewController.m in Sources */ = {isa = PBXBuildFile; fileRef = 88574DF11F7CCD0700CF4003 /* HomeViewController.m */; };
		88574DF81F7CCD8F00CF4003 /* Article.m in Sources */ = {isa = PBXBuildFile; fileRef = 88574DF61F7CCD8F00CF4003 /* Article.m */; };
		88574DFB1F7CCF3700CF4003 /* NewsFeedDataHandler.m in Sources */ = {isa = PBXBuildFile; fileRef = 88574DFA1F7CCF3700CF4003 /* NewsFeedDataHandler.m */; };
		88574E0B1F7CD43A00CF4003 /* APICaller.m in Sources */ = {isa = PBXBuildFile; fileRef = 88574E0A1F7CD43A00CF4003 /* APICaller.m */; };
		88574E0F1F7CDC0500CF4003 /* ArticleCollectionViewCell.m in Sources */ = {isa = PBXBuildFile; fileRef = 88574E0E1F7CDC0500CF4003 /* ArticleCollectionViewCell.m */; };
		88574E131F7D742C00CF4003 /* ImageDownloadHelper.m in Sources */ = {isa = PBXBuildFile; fileRef = 88574E121F7D742C00CF4003 /* ImageDownloadHelper.m */; };
/* End PBXBuildFile section */

/* Begin PBXFileReference section */
		883821901F7D8EBF0054BDC9 /* LoadingOverlay.h */ = {isa = PBXFileReference; lastKnownFileType = sourcecode.c.h; path = LoadingOverlay.h; sourceTree = "<group>"; };
		883821911F7D8EBF0054BDC9 /* LoadingOverlay.m */ = {isa = PBXFileReference; lastKnownFileType = sourcecode.c.objc; path = LoadingOverlay.m; sourceTree = "<group>"; };
		883821931F7DA1B30054BDC9 /* ArticleDetailViewController.h */ = {isa = PBXFileReference; lastKnownFileType = sourcecode.c.h; path = ArticleDetailViewController.h; sourceTree = "<group>"; };
		883821941F7DA1B30054BDC9 /* ArticleDetailViewController.m */ = {isa = PBXFileReference; lastKnownFileType = sourcecode.c.objc; path = ArticleDetailViewController.m; sourceTree = "<group>"; };
		88574DD71F7CC83800CF4003 /* NewsFeed.app */ = {isa = PBXFileReference; explicitFileType = wrapper.application; includeInIndex = 0; path = NewsFeed.app; sourceTree = BUILT_PRODUCTS_DIR; };
		88574DDA1F7CC83800CF4003 /* AppDelegate.h */ = {isa = PBXFileReference; lastKnownFileType = sourcecode.c.h; path = AppDelegate.h; sourceTree = "<group>"; };
		88574DDB1F7CC83800CF4003 /* AppDelegate.m */ = {isa = PBXFileReference; lastKnownFileType = sourcecode.c.objc; path = AppDelegate.m; sourceTree = "<group>"; };
		88574DE31F7CC83800CF4003 /* Assets.xcassets */ = {isa = PBXFileReference; lastKnownFileType = folder.assetcatalog; path = Assets.xcassets; sourceTree = "<group>"; };
		88574DE81F7CC83800CF4003 /* Info.plist */ = {isa = PBXFileReference; lastKnownFileType = text.plist.xml; path = Info.plist; sourceTree = "<group>"; };
		88574DE91F7CC83800CF4003 /* main.m */ = {isa = PBXFileReference; lastKnownFileType = sourcecode.c.objc; path = main.m; sourceTree = "<group>"; };
		88574DF01F7CCD0700CF4003 /* HomeViewController.h */ = {isa = PBXFileReference; lastKnownFileType = sourcecode.c.h; path = HomeViewController.h; sourceTree = "<group>"; };
		88574DF11F7CCD0700CF4003 /* HomeViewController.m */ = {isa = PBXFileReference; lastKnownFileType = sourcecode.c.objc; path = HomeViewController.m; sourceTree = "<group>"; };
		88574DF61F7CCD8F00CF4003 /* Article.m */ = {isa = PBXFileReference; lastKnownFileType = sourcecode.c.objc; path = Article.m; sourceTree = "<group>"; };
		88574DF71F7CCD8F00CF4003 /* Article.h */ = {isa = PBXFileReference; lastKnownFileType = sourcecode.c.h; path = Article.h; sourceTree = "<group>"; };
		88574DF91F7CCF3700CF4003 /* NewsFeedDataHandler.h */ = {isa = PBXFileReference; lastKnownFileType = sourcecode.c.h; path = NewsFeedDataHandler.h; sourceTree = "<group>"; };
		88574DFA1F7CCF3700CF4003 /* NewsFeedDataHandler.m */ = {isa = PBXFileReference; lastKnownFileType = sourcecode.c.objc; path = NewsFeedDataHandler.m; sourceTree = "<group>"; };
		88574E091F7CD43A00CF4003 /* APICaller.h */ = {isa = PBXFileReference; lastKnownFileType = sourcecode.c.h; path = APICaller.h; sourceTree = "<group>"; };
		88574E0A1F7CD43A00CF4003 /* APICaller.m */ = {isa = PBXFileReference; lastKnownFileType = sourcecode.c.objc; path = APICaller.m; sourceTree = "<group>"; };
		88574E0D1F7CDC0500CF4003 /* ArticleCollectionViewCell.h */ = {isa = PBXFileReference; lastKnownFileType = sourcecode.c.h; path = ArticleCollectionViewCell.h; sourceTree = "<group>"; };
		88574E0E1F7CDC0500CF4003 /* ArticleCollectionViewCell.m */ = {isa = PBXFileReference; lastKnownFileType = sourcecode.c.objc; path = ArticleCollectionViewCell.m; sourceTree = "<group>"; };
		88574E111F7D742C00CF4003 /* ImageDownloadHelper.h */ = {isa = PBXFileReference; lastKnownFileType = sourcecode.c.h; path = ImageDownloadHelper.h; sourceTree = "<group>"; };
		88574E121F7D742C00CF4003 /* ImageDownloadHelper.m */ = {isa = PBXFileReference; lastKnownFileType = sourcecode.c.objc; path = ImageDownloadHelper.m; sourceTree = "<group>"; };
/* End PBXFileReference section */

/* Begin PBXFrameworksBuildPhase section */
		88574DD41F7CC83800CF4003 /* Frameworks */ = {
			isa = PBXFrameworksBuildPhase;
			buildActionMask = 2147483647;
			files = (
			);
			runOnlyForDeploymentPostprocessing = 0;
		};
/* End PBXFrameworksBuildPhase section */

/* Begin PBXGroup section */
		88574DCE1F7CC83800CF4003 = {
			isa = PBXGroup;
			children = (
				88574DD91F7CC83800CF4003 /* NewsFeed */,
				88574DD81F7CC83800CF4003 /* Products */,
			);
			sourceTree = "<group>";
		};
		88574DD81F7CC83800CF4003 /* Products */ = {
			isa = PBXGroup;
			children = (
				88574DD71F7CC83800CF4003 /* NewsFeed.app */,
			);
			name = Products;
			sourceTree = "<group>";
		};
		88574DD91F7CC83800CF4003 /* NewsFeed */ = {
			isa = PBXGroup;
			children = (
				88574E0C1F7CDBCF00CF4003 /* Subviews */,
				88574DFF1F7CD2E800CF4003 /* ModelDataHandler */,
				88574DFE1F7CD2DF00CF4003 /* Utilities */,
				88574DFD1F7CD2D900CF4003 /* Models */,
				88574DFC1F7CD2CE00CF4003 /* ViewControllers */,
				88574DDA1F7CC83800CF4003 /* AppDelegate.h */,
				88574DDB1F7CC83800CF4003 /* AppDelegate.m */,
				88574DE31F7CC83800CF4003 /* Assets.xcassets */,
				88574DE81F7CC83800CF4003 /* Info.plist */,
				88574DE91F7CC83800CF4003 /* main.m */,
			);
			path = NewsFeed;
			sourceTree = "<group>";
		};
		88574DFC1F7CD2CE00CF4003 /* ViewControllers */ = {
			isa = PBXGroup;
			children = (
				88574DF01F7CCD0700CF4003 /* HomeViewController.h */,
				88574DF11F7CCD0700CF4003 /* HomeViewController.m */,
				883821931F7DA1B30054BDC9 /* ArticleDetailViewController.h */,
				883821941F7DA1B30054BDC9 /* ArticleDetailViewController.m */,
			);
			path = ViewControllers;
			sourceTree = "<group>";
		};
		88574DFD1F7CD2D900CF4003 /* Models */ = {
			isa = PBXGroup;
			children = (
				88574DF71F7CCD8F00CF4003 /* Article.h */,
				88574DF61F7CCD8F00CF4003 /* Article.m */,
			);
			path = Models;
			sourceTree = "<group>";
		};
		88574DFE1F7CD2DF00CF4003 /* Utilities */ = {
			isa = PBXGroup;
			children = (
				88574E091F7CD43A00CF4003 /* APICaller.h */,
				88574E0A1F7CD43A00CF4003 /* APICaller.m */,
				883821901F7D8EBF0054BDC9 /* LoadingOverlay.h */,
				883821911F7D8EBF0054BDC9 /* LoadingOverlay.m */,
			);
			path = Utilities;
			sourceTree = "<group>";
		};
		88574DFF1F7CD2E800CF4003 /* ModelDataHandler */ = {
			isa = PBXGroup;
			children = (
				88574DF91F7CCF3700CF4003 /* NewsFeedDataHandler.h */,
				88574DFA1F7CCF3700CF4003 /* NewsFeedDataHandler.m */,
				88574E111F7D742C00CF4003 /* ImageDownloadHelper.h */,
				88574E121F7D742C00CF4003 /* ImageDownloadHelper.m */,
			);
			path = ModelDataHandler;
			sourceTree = "<group>";
		};
		88574E0C1F7CDBCF00CF4003 /* Subviews */ = {
			isa = PBXGroup;
			children = (
				88574E0D1F7CDC0500CF4003 /* ArticleCollectionViewCell.h */,
				88574E0E1F7CDC0500CF4003 /* ArticleCollectionViewCell.m */,
			);
			path = Subviews;
			sourceTree = "<group>";
		};
/* End PBXGroup section */

/* Begin PBXNativeTarget section */
		88574DD61F7CC83800CF4003 /* NewsFeed */ = {
			isa = PBXNativeTarget;
			buildConfigurationList = 88574DED1F7CC83800CF4003 /* Build configuration list for PBXNativeTarget "NewsFeed" */;
			buildPhases = (
				88574DD31F7CC83800CF4003 /* Sources */,
				88574DD41F7CC83800CF4003 /* Frameworks */,
				88574DD51F7CC83800CF4003 /* Resources */,
			);
			buildRules = (
			);
			dependencies = (
			);
			name = NewsFeed;
			productName = NewsFeed;
			productReference = 88574DD71F7CC83800CF4003 /* NewsFeed.app */;
			productType = "com.apple.product-type.application";
		};
/* End PBXNativeTarget section */

/* Begin PBXProject section */
		88574DCF1F7CC83800CF4003 /* Project object */ = {
			isa = PBXProject;
			attributes = {
				LastUpgradeCheck = 0900;
				ORGANIZATIONNAME = practice;
				TargetAttributes = {
					88574DD61F7CC83800CF4003 = {
						CreatedOnToolsVersion = 9.0;
						ProvisioningStyle = Automatic;
					};
				};
			};
			buildConfigurationList = 88574DD21F7CC83800CF4003 /* Build configuration list for PBXProject "NewsFeed" */;
			compatibilityVersion = "Xcode 8.0";
			developmentRegion = en;
			hasScannedForEncodings = 0;
			knownRegions = (
				en,
				Base,
			);
			mainGroup = 88574DCE1F7CC83800CF4003;
			productRefGroup = 88574DD81F7CC83800CF4003 /* Products */;
			projectDirPath = "";
			projectRoot = "";
			targets = (
				88574DD61F7CC83800CF4003 /* NewsFeed */,
			);
		};
/* End PBXProject section */

/* Begin PBXResourcesBuildPhase section */
		88574DD51F7CC83800CF4003 /* Resources */ = {
			isa = PBXResourcesBuildPhase;
			buildActionMask = 2147483647;
			files = (
				88574DE41F7CC83800CF4003 /* Assets.xcassets in Resources */,
			);
			runOnlyForDeploymentPostprocessing = 0;
		};
/* End PBXResourcesBuildPhase section */

/* Begin PBXSourcesBuildPhase section */
		88574DD31F7CC83800CF4003 /* Sources */ = {
			isa = PBXSourcesBuildPhase;
			buildActionMask = 2147483647;
			files = (
				88574DF81F7CCD8F00CF4003 /* Article.m in Sources */,
				88574E0F1F7CDC0500CF4003 /* ArticleCollectionViewCell.m in Sources */,
				88574DFB1F7CCF3700CF4003 /* NewsFeedDataHandler.m in Sources */,
				88574E131F7D742C00CF4003 /* ImageDownloadHelper.m in Sources */,
				88574DEA1F7CC83800CF4003 /* main.m in Sources */,
				88574DDC1F7CC83800CF4003 /* AppDelegate.m in Sources */,
				883821951F7DA1B30054BDC9 /* ArticleDetailViewController.m in Sources */,
				88574DF21F7CCD0700CF4003 /* HomeViewController.m in Sources */,
				88574E0B1F7CD43A00CF4003 /* APICaller.m in Sources */,
				883821921F7D8EBF0054BDC9 /* LoadingOverlay.m in Sources */,
			);
			runOnlyForDeploymentPostprocessing = 0;
		};
/* End PBXSourcesBuildPhase section */

/* Begin XCBuildConfiguration section */
		88574DEB1F7CC83800CF4003 /* Debug */ = {
			isa = XCBuildConfiguration;
			buildSettings = {
				ALWAYS_SEARCH_USER_PATHS = NO;
				CLANG_ANALYZER_NONNULL = YES;
				CLANG_ANALYZER_NUMBER_OBJECT_CONVERSION = YES_AGGRESSIVE;
				CLANG_CXX_LANGUAGE_STANDARD = "gnu++14";
				CLANG_CXX_LIBRARY = "libc++";
				CLANG_ENABLE_MODULES = YES;
				CLANG_ENABLE_OBJC_ARC = YES;
				CLANG_WARN_BLOCK_CAPTURE_AUTORELEASING = YES;
				CLANG_WARN_BOOL_CONVERSION = YES;
				CLANG_WARN_COMMA = YES;
				CLANG_WARN_CONSTANT_CONVERSION = YES;
				CLANG_WARN_DIRECT_OBJC_ISA_USAGE = YES_ERROR;
				CLANG_WARN_DOCUMENTATION_COMMENTS = YES;
				CLANG_WARN_EMPTY_BODY = YES;
				CLANG_WARN_ENUM_CONVERSION = YES;
				CLANG_WARN_INFINITE_RECURSION = YES;
				CLANG_WARN_INT_CONVERSION = YES;
				CLANG_WARN_NON_LITERAL_NULL_CONVERSION = YES;
				CLANG_WARN_OBJC_LITERAL_CONVERSION = YES;
				CLANG_WARN_OBJC_ROOT_CLASS = YES_ERROR;
				CLANG_WARN_RANGE_LOOP_ANALYSIS = YES;
				CLANG_WARN_STRICT_PROTOTYPES = YES;
				CLANG_WARN_SUSPICIOUS_MOVE = YES;
				CLANG_WARN_UNGUARDED_AVAILABILITY = YES_AGGRESSIVE;
				CLANG_WARN_UNREACHABLE_CODE = YES;
				CLANG_WARN__DUPLICATE_METHOD_MATCH = YES;
				CODE_SIGN_IDENTITY = "iPhone Developer";
				COPY_PHASE_STRIP = NO;
				DEBUG_INFORMATION_FORMAT = dwarf;
				ENABLE_STRICT_OBJC_MSGSEND = YES;
				ENABLE_TESTABILITY = YES;
				GCC_C_LANGUAGE_STANDARD = gnu11;
				GCC_DYNAMIC_NO_PIC = NO;
				GCC_NO_COMMON_BLOCKS = YES;
				GCC_OPTIMIZATION_LEVEL = 0;
				GCC_PREPROCESSOR_DEFINITIONS = (
					"DEBUG=1",
					"$(inherited)",
				);
				GCC_WARN_64_TO_32_BIT_CONVERSION = YES;
				GCC_WARN_ABOUT_RETURN_TYPE = YES_ERROR;
				GCC_WARN_UNDECLARED_SELECTOR = YES;
				GCC_WARN_UNINITIALIZED_AUTOS = YES_AGGRESSIVE;
				GCC_WARN_UNUSED_FUNCTION = YES;
				GCC_WARN_UNUSED_VARIABLE = YES;
				IPHONEOS_DEPLOYMENT_TARGET = 11.0;
				MTL_ENABLE_DEBUG_INFO = YES;
				ONLY_ACTIVE_ARCH = YES;
				SDKROOT = iphoneos;
			};
			name = Debug;
		};
		88574DEC1F7CC83800CF4003 /* Release */ = {
			isa = XCBuildConfiguration;
			buildSettings = {
				ALWAYS_SEARCH_USER_PATHS = NO;
				CLANG_ANALYZER_NONNULL = YES;
				CLANG_ANALYZER_NUMBER_OBJECT_CONVERSION = YES_AGGRESSIVE;
				CLANG_CXX_LANGUAGE_STANDARD = "gnu++14";
				CLANG_CXX_LIBRARY = "libc++";
				CLANG_ENABLE_MODULES = YES;
				CLANG_ENABLE_OBJC_ARC = YES;
				CLANG_WARN_BLOCK_CAPTURE_AUTORELEASING = YES;
				CLANG_WARN_BOOL_CONVERSION = YES;
				CLANG_WARN_COMMA = YES;
				CLANG_WARN_CONSTANT_CONVERSION = YES;
				CLANG_WARN_DIRECT_OBJC_ISA_USAGE = YES_ERROR;
				CLANG_WARN_DOCUMENTATION_COMMENTS = YES;
				CLANG_WARN_EMPTY_BODY = YES;
				CLANG_WARN_ENUM_CONVERSION = YES;
				CLANG_WARN_INFINITE_RECURSION = YES;
				CLANG_WARN_INT_CONVERSION = YES;
				CLANG_WARN_NON_LITERAL_NULL_CONVERSION = YES;
				CLANG_WARN_OBJC_LITERAL_CONVERSION = YES;
				CLANG_WARN_OBJC_ROOT_CLASS = YES_ERROR;
				CLANG_WARN_RANGE_LOOP_ANALYSIS = YES;
				CLANG_WARN_STRICT_PROTOTYPES = YES;
				CLANG_WARN_SUSPICIOUS_MOVE = YES;
				CLANG_WARN_UNGUARDED_AVAILABILITY = YES_AGGRESSIVE;
				CLANG_WARN_UNREACHABLE_CODE = YES;
				CLANG_WARN__DUPLICATE_METHOD_MATCH = YES;
				CODE_SIGN_IDENTITY = "iPhone Developer";
				COPY_PHASE_STRIP = NO;
				DEBUG_INFORMATION_FORMAT = "dwarf-with-dsym";
				ENABLE_NS_ASSERTIONS = NO;
				ENABLE_STRICT_OBJC_MSGSEND = YES;
				GCC_C_LANGUAGE_STANDARD = gnu11;
				GCC_NO_COMMON_BLOCKS = YES;
				GCC_WARN_64_TO_32_BIT_CONVERSION = YES;
				GCC_WARN_ABOUT_RETURN_TYPE = YES_ERROR;
				GCC_WARN_UNDECLARED_SELECTOR = YES;
				GCC_WARN_UNINITIALIZED_AUTOS = YES_AGGRESSIVE;
				GCC_WARN_UNUSED_FUNCTION = YES;
				GCC_WARN_UNUSED_VARIABLE = YES;
				IPHONEOS_DEPLOYMENT_TARGET = 11.0;
				MTL_ENABLE_DEBUG_INFO = NO;
				SDKROOT = iphoneos;
				VALIDATE_PRODUCT = YES;
			};
			name = Release;
		};
		88574DEE1F7CC83800CF4003 /* Debug */ = {
			isa = XCBuildConfiguration;
			buildSettings = {
				ASSETCATALOG_COMPILER_APPICON_NAME = AppIcon;
				CODE_SIGN_STYLE = Automatic;
				INFOPLIST_FILE = NewsFeed/Info.plist;
				IPHONEOS_DEPLOYMENT_TARGET = 8.0;
				LD_RUNPATH_SEARCH_PATHS = "$(inherited) @executable_path/Frameworks";
				PRODUCT_BUNDLE_IDENTIFIER = com.NewsFeed;
				PRODUCT_NAME = "$(TARGET_NAME)";
				TARGETED_DEVICE_FAMILY = "1,2";
			};
			name = Debug;
		};
		88574DEF1F7CC83800CF4003 /* Release */ = {
			isa = XCBuildConfiguration;
			buildSettings = {
				ASSETCATALOG_COMPILER_APPICON_NAME = AppIcon;
				CODE_SIGN_STYLE = Automatic;
				INFOPLIST_FILE = NewsFeed/Info.plist;
				IPHONEOS_DEPLOYMENT_TARGET = 8.0;
				LD_RUNPATH_SEARCH_PATHS = "$(inherited) @executable_path/Frameworks";
				PRODUCT_BUNDLE_IDENTIFIER = com.NewsFeed;
				PRODUCT_NAME = "$(TARGET_NAME)";
				TARGETED_DEVICE_FAMILY = "1,2";
			};
			name = Release;
		};
/* End XCBuildConfiguration section */

/* Begin XCConfigurationList section */
		88574DD21F7CC83800CF4003 /* Build configuration list for PBXProject "NewsFeed" */ = {
			isa = XCConfigurationList;
			buildConfigurations = (
				88574DEB1F7CC83800CF4003 /* Debug */,
				88574DEC1F7CC83800CF4003 /* Release */,
			);
			defaultConfigurationIsVisible = 0;
			defaultConfigurationName = Release;
		};
		88574DED1F7CC83800CF4003 /* Build configuration list for PBXNativeTarget "NewsFeed" */ = {
			isa = XCConfigurationList;
			buildConfigurations = (
				88574DEE1F7CC83800CF4003 /* Debug */,
				88574DEF1F7CC83800CF4003 /* Release */,
			);
			defaultConfigurationIsVisible = 0;
			defaultConfigurationName = Release;
		};
/* End XCConfigurationList section */
	};
	rootObject = 88574DCF1F7CC83800CF4003 /* Project object */;
}
